// !$*UTF8*$!
{
	archiveVersion = 1;
	classes = {
	};
	objectVersion = 46;
	objects = {

/* Begin PBXBuildFile section */
		966B3DDC1BE272B900F6DE81 /* libhello.a in Frameworks */ = {isa = PBXBuildFile; fileRef = 966B3DD71BE2722300F6DE81 /* libhello.a */; };
		96A6E52F1BE039D100A8DBA0 /* rust-logo-512x512.png in Resources */ = {isa = PBXBuildFile; fileRef = 96A6E52E1BE039D100A8DBA0 /* rust-logo-512x512.png */; };
		96F852951BD3EE3800C4F83B /* AppDelegate.swift in Sources */ = {isa = PBXBuildFile; fileRef = 96F852941BD3EE3800C4F83B /* AppDelegate.swift */; };
		96F852971BD3EE3800C4F83B /* ViewController.swift in Sources */ = {isa = PBXBuildFile; fileRef = 96F852961BD3EE3800C4F83B /* ViewController.swift */; };
		96F8529A1BD3EE3900C4F83B /* Main.storyboard in Resources */ = {isa = PBXBuildFile; fileRef = 96F852981BD3EE3900C4F83B /* Main.storyboard */; };
		96F8529C1BD3EE3900C4F83B /* Assets.xcassets in Resources */ = {isa = PBXBuildFile; fileRef = 96F8529B1BD3EE3900C4F83B /* Assets.xcassets */; };
		96F8529F1BD3EE3900C4F83B /* LaunchScreen.storyboard in Resources */ = {isa = PBXBuildFile; fileRef = 96F8529D1BD3EE3900C4F83B /* LaunchScreen.storyboard */; };
		96F852AB1BD3FEB500C4F83B /* Util.swift in Sources */ = {isa = PBXBuildFile; fileRef = 96F852AA1BD3FEB500C4F83B /* Util.swift */; };
		96F852AD1BD4036E00C4F83B /* ObjectiveUtil.m in Sources */ = {isa = PBXBuildFile; fileRef = 96F852AC1BD4036E00C4F83B /* ObjectiveUtil.m */; };
/* End PBXBuildFile section */

/* Begin PBXFileReference section */
		966B3DD71BE2722300F6DE81 /* libhello.a */ = {isa = PBXFileReference; lastKnownFileType = archive.ar; name = libhello.a; path = "rust-lib/target/fat/release/libhello.a"; sourceTree = "<group>"; };
		96A6E52E1BE039D100A8DBA0 /* rust-logo-512x512.png */ = {isa = PBXFileReference; lastKnownFileType = image.png; path = "rust-logo-512x512.png"; sourceTree = "<group>"; };
		96F852911BD3EE3800C4F83B /* Hello Rust.app */ = {isa = PBXFileReference; explicitFileType = wrapper.application; includeInIndex = 0; path = "Hello Rust.app"; sourceTree = BUILT_PRODUCTS_DIR; };
		96F852941BD3EE3800C4F83B /* AppDelegate.swift */ = {isa = PBXFileReference; lastKnownFileType = sourcecode.swift; path = AppDelegate.swift; sourceTree = "<group>"; };
		96F852961BD3EE3800C4F83B /* ViewController.swift */ = {isa = PBXFileReference; lastKnownFileType = sourcecode.swift; path = ViewController.swift; sourceTree = "<group>"; };
		96F852991BD3EE3900C4F83B /* Base */ = {isa = PBXFileReference; lastKnownFileType = file.storyboard; name = Base; path = Base.lproj/Main.storyboard; sourceTree = "<group>"; };
		96F8529B1BD3EE3900C4F83B /* Assets.xcassets */ = {isa = PBXFileReference; lastKnownFileType = folder.assetcatalog; path = Assets.xcassets; sourceTree = "<group>"; };
		96F8529E1BD3EE3900C4F83B /* Base */ = {isa = PBXFileReference; lastKnownFileType = file.storyboard; name = Base; path = Base.lproj/LaunchScreen.storyboard; sourceTree = "<group>"; };
		96F852A01BD3EE3900C4F83B /* Info.plist */ = {isa = PBXFileReference; lastKnownFileType = text.plist.xml; path = Info.plist; sourceTree = "<group>"; };
		96F852A81BD3EEDF00C4F83B /* hello.h */ = {isa = PBXFileReference; lastKnownFileType = sourcecode.c.h; path = hello.h; sourceTree = "<group>"; };
		96F852A91BD3EF2F00C4F83B /* Hello-Rust-Bridging-Header.h */ = {isa = PBXFileReference; lastKnownFileType = sourcecode.c.h; path = "Hello-Rust-Bridging-Header.h"; sourceTree = "<group>"; };
		96F852AA1BD3FEB500C4F83B /* Util.swift */ = {isa = PBXFileReference; fileEncoding = 4; lastKnownFileType = sourcecode.swift; path = Util.swift; sourceTree = "<group>"; };
		96F852AC1BD4036E00C4F83B /* ObjectiveUtil.m */ = {isa = PBXFileReference; fileEncoding = 4; lastKnownFileType = sourcecode.c.objc; path = ObjectiveUtil.m; sourceTree = "<group>"; };
		96F852AE1BD409E200C4F83B /* ObjectiveUtil.h */ = {isa = PBXFileReference; lastKnownFileType = sourcecode.c.h; path = ObjectiveUtil.h; sourceTree = "<group>"; };
/* End PBXFileReference section */

/* Begin PBXFrameworksBuildPhase section */
		96F8528E1BD3EE3800C4F83B /* Frameworks */ = {
			isa = PBXFrameworksBuildPhase;
			buildActionMask = 2147483647;
			files = (
				966B3DDC1BE272B900F6DE81 /* libhello.a in Frameworks */,
			);
			runOnlyForDeploymentPostprocessing = 0;
		};
/* End PBXFrameworksBuildPhase section */

/* Begin PBXGroup section */
		96F852881BD3EE3800C4F83B = {
			isa = PBXGroup;
			children = (
				966B3DD71BE2722300F6DE81 /* libhello.a */,
				96F852A81BD3EEDF00C4F83B /* hello.h */,
				96F852A91BD3EF2F00C4F83B /* Hello-Rust-Bridging-Header.h */,
				96F852931BD3EE3800C4F83B /* Hello Rust */,
				96F852921BD3EE3800C4F83B /* Products */,
			);
			sourceTree = "<group>";
		};
		96F852921BD3EE3800C4F83B /* Products */ = {
			isa = PBXGroup;
			children = (
				96F852911BD3EE3800C4F83B /* Hello Rust.app */,
			);
			name = Products;
			sourceTree = "<group>";
		};
		96F852931BD3EE3800C4F83B /* Hello Rust */ = {
			isa = PBXGroup;
			children = (
				96A6E52E1BE039D100A8DBA0 /* rust-logo-512x512.png */,
				96F852941BD3EE3800C4F83B /* AppDelegate.swift */,
				96F852961BD3EE3800C4F83B /* ViewController.swift */,
				96F852981BD3EE3900C4F83B /* Main.storyboard */,
				96F8529B1BD3EE3900C4F83B /* Assets.xcassets */,
				96F8529D1BD3EE3900C4F83B /* LaunchScreen.storyboard */,
				96F852A01BD3EE3900C4F83B /* Info.plist */,
				96F852AA1BD3FEB500C4F83B /* Util.swift */,
				96F852AE1BD409E200C4F83B /* ObjectiveUtil.h */,
				96F852AC1BD4036E00C4F83B /* ObjectiveUtil.m */,
			);
			path = "Hello Rust";
			sourceTree = "<group>";
		};
/* End PBXGroup section */

/* Begin PBXNativeTarget section */
		96F852901BD3EE3800C4F83B /* Hello Rust */ = {
			isa = PBXNativeTarget;
			buildConfigurationList = 96F852A31BD3EE3900C4F83B /* Build configuration list for PBXNativeTarget "Hello Rust" */;
			buildPhases = (
				96F8528D1BD3EE3800C4F83B /* Sources */,
				96F8528E1BD3EE3800C4F83B /* Frameworks */,
				96F8528F1BD3EE3800C4F83B /* Resources */,
			);
			buildRules = (
			);
			dependencies = (
			);
			name = "Hello Rust";
			productName = "Hello Rust";
			productReference = 96F852911BD3EE3800C4F83B /* Hello Rust.app */;
			productType = "com.apple.product-type.application";
		};
/* End PBXNativeTarget section */

/* Begin PBXProject section */
		96F852891BD3EE3800C4F83B /* Project object */ = {
			isa = PBXProject;
			attributes = {
				LastSwiftUpdateCheck = 0710;
				LastUpgradeCheck = 0710;
				ORGANIZATIONNAME = "Peapod Multimedia, ltd.";
				TargetAttributes = {
					96F852901BD3EE3800C4F83B = {
						CreatedOnToolsVersion = 7.1;
						DevelopmentTeam = SPU386ZNKS;
					};
				};
			};
			buildConfigurationList = 96F8528C1BD3EE3800C4F83B /* Build configuration list for PBXProject "Hello Rust" */;
			compatibilityVersion = "Xcode 3.2";
			developmentRegion = English;
			hasScannedForEncodings = 0;
			knownRegions = (
				en,
				Base,
			);
			mainGroup = 96F852881BD3EE3800C4F83B;
			productRefGroup = 96F852921BD3EE3800C4F83B /* Products */;
			projectDirPath = "";
			projectRoot = "";
			targets = (
				96F852901BD3EE3800C4F83B /* Hello Rust */,
			);
		};
/* End PBXProject section */

/* Begin PBXResourcesBuildPhase section */
		96F8528F1BD3EE3800C4F83B /* Resources */ = {
			isa = PBXResourcesBuildPhase;
			buildActionMask = 2147483647;
			files = (
				96F8529F1BD3EE3900C4F83B /* LaunchScreen.storyboard in Resources */,
				96A6E52F1BE039D100A8DBA0 /* rust-logo-512x512.png in Resources */,
				96F8529C1BD3EE3900C4F83B /* Assets.xcassets in Resources */,
				96F8529A1BD3EE3900C4F83B /* Main.storyboard in Resources */,
			);
			runOnlyForDeploymentPostprocessing = 0;
		};
/* End PBXResourcesBuildPhase section */

/* Begin PBXSourcesBuildPhase section */
		96F8528D1BD3EE3800C4F83B /* Sources */ = {
			isa = PBXSourcesBuildPhase;
			buildActionMask = 2147483647;
			files = (
				96F852AB1BD3FEB500C4F83B /* Util.swift in Sources */,
				96F852971BD3EE3800C4F83B /* ViewController.swift in Sources */,
				96F852951BD3EE3800C4F83B /* AppDelegate.swift in Sources */,
				96F852AD1BD4036E00C4F83B /* ObjectiveUtil.m in Sources */,
			);
			runOnlyForDeploymentPostprocessing = 0;
		};
/* End PBXSourcesBuildPhase section */

/* Begin PBXVariantGroup section */
		96F852981BD3EE3900C4F83B /* Main.storyboard */ = {
			isa = PBXVariantGroup;
			children = (
				96F852991BD3EE3900C4F83B /* Base */,
			);
			name = Main.storyboard;
			sourceTree = "<group>";
		};
		96F8529D1BD3EE3900C4F83B /* LaunchScreen.storyboard */ = {
			isa = PBXVariantGroup;
			children = (
				96F8529E1BD3EE3900C4F83B /* Base */,
			);
			name = LaunchScreen.storyboard;
			sourceTree = "<group>";
		};
/* End PBXVariantGroup section */

/* Begin XCBuildConfiguration section */
		96F852A11BD3EE3900C4F83B /* Debug */ = {
			isa = XCBuildConfiguration;
			buildSettings = {
				ALWAYS_SEARCH_USER_PATHS = NO;
				CLANG_CXX_LANGUAGE_STANDARD = "gnu++0x";
				CLANG_CXX_LIBRARY = "libc++";
				CLANG_ENABLE_MODULES = YES;
				CLANG_ENABLE_OBJC_ARC = YES;
				CLANG_WARN_BOOL_CONVERSION = YES;
				CLANG_WARN_CONSTANT_CONVERSION = YES;
				CLANG_WARN_DIRECT_OBJC_ISA_USAGE = YES_ERROR;
				CLANG_WARN_EMPTY_BODY = YES;
				CLANG_WARN_ENUM_CONVERSION = YES;
				CLANG_WARN_INT_CONVERSION = YES;
				CLANG_WARN_OBJC_ROOT_CLASS = YES_ERROR;
				CLANG_WARN_UNREACHABLE_CODE = YES;
				CLANG_WARN__DUPLICATE_METHOD_MATCH = YES;
				"CODE_SIGN_IDENTITY[sdk=iphoneos*]" = "iPhone Developer";
				COPY_PHASE_STRIP = NO;
				DEBUG_INFORMATION_FORMAT = dwarf;
				ENABLE_STRICT_OBJC_MSGSEND = YES;
				ENABLE_TESTABILITY = YES;
				GCC_C_LANGUAGE_STANDARD = gnu99;
				GCC_DYNAMIC_NO_PIC = NO;
				GCC_NO_COMMON_BLOCKS = YES;
				GCC_OPTIMIZATION_LEVEL = 0;
				GCC_PREPROCESSOR_DEFINITIONS = (
					"DEBUG=1",
					"$(inherited)",
				);
				GCC_WARN_64_TO_32_BIT_CONVERSION = YES;
				GCC_WARN_ABOUT_RETURN_TYPE = YES_ERROR;
				GCC_WARN_UNDECLARED_SELECTOR = YES;
				GCC_WARN_UNINITIALIZED_AUTOS = YES_AGGRESSIVE;
				GCC_WARN_UNUSED_FUNCTION = YES;
				GCC_WARN_UNUSED_VARIABLE = YES;
				IPHONEOS_DEPLOYMENT_TARGET = 9.1;
				MTL_ENABLE_DEBUG_INFO = YES;
				ONLY_ACTIVE_ARCH = YES;
				SDKROOT = iphoneos;
				SWIFT_OPTIMIZATION_LEVEL = "-Onone";
			};
			name = Debug;
		};
		96F852A21BD3EE3900C4F83B /* Release */ = {
			isa = XCBuildConfiguration;
			buildSettings = {
				ALWAYS_SEARCH_USER_PATHS = NO;
				CLANG_CXX_LANGUAGE_STANDARD = "gnu++0x";
				CLANG_CXX_LIBRARY = "libc++";
				CLANG_ENABLE_MODULES = YES;
				CLANG_ENABLE_OBJC_ARC = YES;
				CLANG_WARN_BOOL_CONVERSION = YES;
				CLANG_WARN_CONSTANT_CONVERSION = YES;
				CLANG_WARN_DIRECT_OBJC_ISA_USAGE = YES_ERROR;
				CLANG_WARN_EMPTY_BODY = YES;
				CLANG_WARN_ENUM_CONVERSION = YES;
				CLANG_WARN_INT_CONVERSION = YES;
				CLANG_WARN_OBJC_ROOT_CLASS = YES_ERROR;
				CLANG_WARN_UNREACHABLE_CODE = YES;
				CLANG_WARN__DUPLICATE_METHOD_MATCH = YES;
				"CODE_SIGN_IDENTITY[sdk=iphoneos*]" = "iPhone Developer";
				COPY_PHASE_STRIP = NO;
				DEBUG_INFORMATION_FORMAT = "dwarf-with-dsym";
				ENABLE_NS_ASSERTIONS = NO;
				ENABLE_STRICT_OBJC_MSGSEND = YES;
				GCC_C_LANGUAGE_STANDARD = gnu99;
				GCC_NO_COMMON_BLOCKS = YES;
				GCC_WARN_64_TO_32_BIT_CONVERSION = YES;
				GCC_WARN_ABOUT_RETURN_TYPE = YES_ERROR;
				GCC_WARN_UNDECLARED_SELECTOR = YES;
				GCC_WARN_UNINITIALIZED_AUTOS = YES_AGGRESSIVE;
				GCC_WARN_UNUSED_FUNCTION = YES;
				GCC_WARN_UNUSED_VARIABLE = YES;
				IPHONEOS_DEPLOYMENT_TARGET = 9.1;
				MTL_ENABLE_DEBUG_INFO = NO;
				SDKROOT = iphoneos;
				VALIDATE_PRODUCT = YES;
			};
			name = Release;
		};
		96F852A41BD3EE3900C4F83B /* Debug */ = {
			isa = XCBuildConfiguration;
			buildSettings = {
				ASSETCATALOG_COMPILER_APPICON_NAME = AppIcon;
				CODE_SIGN_IDENTITY = "iPhone Developer";
				ENABLE_BITCODE = NO;
				FRAMEWORK_SEARCH_PATHS = "$(inherited)";
				INFOPLIST_FILE = "Hello Rust/Info.plist";
				LD_RUNPATH_SEARCH_PATHS = "$(inherited) @executable_path/Frameworks";
				LIBRARY_SEARCH_PATHS = (
					"$(inherited)",
					"$(PROJECT_DIR)",
					"$(PROJECT_DIR)/rust-lib/target/fat/release",
				);
				PRODUCT_BUNDLE_IDENTIFIER = "com.peapodmm.Hello-Rust";
				PRODUCT_NAME = "$(TARGET_NAME)";
				SWIFT_OBJC_BRIDGING_HEADER = "Hello-Rust-Bridging-Header.h";
			};
			name = Debug;
		};
		96F852A51BD3EE3900C4F83B /* Release */ = {
			isa = XCBuildConfiguration;
			buildSettings = {
				ASSETCATALOG_COMPILER_APPICON_NAME = AppIcon;
				CODE_SIGN_IDENTITY = "iPhone Developer";
				ENABLE_BITCODE = NO;
				FRAMEWORK_SEARCH_PATHS = "$(inherited)";
				INFOPLIST_FILE = "Hello Rust/Info.plist";
				LD_RUNPATH_SEARCH_PATHS = "$(inherited) @executable_path/Frameworks";
				LIBRARY_SEARCH_PATHS = (
					"$(inherited)",
					"$(PROJECT_DIR)",
					"$(PROJECT_DIR)/rust-lib/target/fat/release",
				);
				PRODUCT_BUNDLE_IDENTIFIER = "com.peapodmm.Hello-Rust";
				PRODUCT_NAME = "$(TARGET_NAME)";
				SWIFT_OBJC_BRIDGING_HEADER = "Hello-Rust-Bridging-Header.h";
			};
			name = Release;
		};
/* End XCBuildConfiguration section */

/* Begin XCConfigurationList section */
		96F8528C1BD3EE3800C4F83B /* Build configuration list for PBXProject "Hello Rust" */ = {
			isa = XCConfigurationList;
			buildConfigurations = (
				96F852A11BD3EE3900C4F83B /* Debug */,
				96F852A21BD3EE3900C4F83B /* Release */,
			);
			defaultConfigurationIsVisible = 0;
			defaultConfigurationName = Release;
		};
		96F852A31BD3EE3900C4F83B /* Build configuration list for PBXNativeTarget "Hello Rust" */ = {
			isa = XCConfigurationList;
			buildConfigurations = (
				96F852A41BD3EE3900C4F83B /* Debug */,
				96F852A51BD3EE3900C4F83B /* Release */,
			);
			defaultConfigurationIsVisible = 0;
			defaultConfigurationName = Release;
		};
/* End XCConfigurationList section */
	};
	rootObject = 96F852891BD3EE3800C4F83B /* Project object */;
}
